// !$*UTF8*$!
{
	archiveVersion = 1;
	classes = {
	};
	objectVersion = 50;
	objects = {

/* Begin PBXBuildFile section */
		DD7D6E3720EAF6DE00473E0A /* AppDelegate.swift in Sources */ = {isa = PBXBuildFile; fileRef = DD7D6E3620EAF6DE00473E0A /* AppDelegate.swift */; };
		DD7D6E3920EAF6DE00473E0A /* ViewController.swift in Sources */ = {isa = PBXBuildFile; fileRef = DD7D6E3820EAF6DE00473E0A /* ViewController.swift */; };
		DD7D6E3C20EAF6DE00473E0A /* Main.storyboard in Resources */ = {isa = PBXBuildFile; fileRef = DD7D6E3A20EAF6DE00473E0A /* Main.storyboard */; };
		DD7D6E3E20EAF6DF00473E0A /* Assets.xcassets in Resources */ = {isa = PBXBuildFile; fileRef = DD7D6E3D20EAF6DF00473E0A /* Assets.xcassets */; };
		DD7D6E4120EAF6DF00473E0A /* LaunchScreen.storyboard in Resources */ = {isa = PBXBuildFile; fileRef = DD7D6E3F20EAF6DF00473E0A /* LaunchScreen.storyboard */; };
		DD7D6E4A20EAF84900473E0A /* ThemeManager.swift in Sources */ = {isa = PBXBuildFile; fileRef = DD7D6E4920EAF84900473E0A /* ThemeManager.swift */; };
		DD7D6E4C20EAF8AF00473E0A /* Theme.swift in Sources */ = {isa = PBXBuildFile; fileRef = DD7D6E4B20EAF8AF00473E0A /* Theme.swift */; };
		DD7D6E5620EAFAD800473E0A /* Colors.xcassets in Resources */ = {isa = PBXBuildFile; fileRef = DD7D6E5520EAFAD800473E0A /* Colors.xcassets */; };
		DD7D6E5920EAFB6200473E0A /* Light.bundle in Resources */ = {isa = PBXBuildFile; fileRef = DD7D6E4F20EAFACA00473E0A /* Light.bundle */; };
		DD7D6E6520EAFBB800473E0A /* Dark.bundle in Resources */ = {isa = PBXBuildFile; fileRef = DD7D6E5C20EAFB7100473E0A /* Dark.bundle */; };
		DD7D6E6620EAFBC000473E0A /* Colors.xcassets in Resources */ = {isa = PBXBuildFile; fileRef = DD7D6E6220EAFB7600473E0A /* Colors.xcassets */; };
		DD7D6E6820EAFC5300473E0A /* Theme+Colors.swift in Sources */ = {isa = PBXBuildFile; fileRef = DD7D6E6720EAFC5300473E0A /* Theme+Colors.swift */; };
		DD7D6E6A20EB013800473E0A /* ThemeConfiguration.swift in Sources */ = {isa = PBXBuildFile; fileRef = DD7D6E6920EB013800473E0A /* ThemeConfiguration.swift */; };
		DD7D6E6E20EB052200473E0A /* DecentNavigationController.swift in Sources */ = {isa = PBXBuildFile; fileRef = DD7D6E6D20EB052200473E0A /* DecentNavigationController.swift */; };
/* End PBXBuildFile section */

/* Begin PBXContainerItemProxy section */
		DD7D6E5720EAFB5E00473E0A /* PBXContainerItemProxy */ = {
			isa = PBXContainerItemProxy;
			containerPortal = DD7D6E2B20EAF6DE00473E0A /* Project object */;
			proxyType = 1;
			remoteGlobalIDString = DD7D6E4E20EAFACA00473E0A;
			remoteInfo = Light;
		};
		DD7D6E6320EAFBB200473E0A /* PBXContainerItemProxy */ = {
			isa = PBXContainerItemProxy;
			containerPortal = DD7D6E2B20EAF6DE00473E0A /* Project object */;
			proxyType = 1;
			remoteGlobalIDString = DD7D6E5B20EAFB7100473E0A;
			remoteInfo = Dark;
		};
/* End PBXContainerItemProxy section */

/* Begin PBXFileReference section */
		DD7D6E3320EAF6DE00473E0A /* BundlePower.app */ = {isa = PBXFileReference; explicitFileType = wrapper.application; includeInIndex = 0; path = BundlePower.app; sourceTree = BUILT_PRODUCTS_DIR; };
		DD7D6E3620EAF6DE00473E0A /* AppDelegate.swift */ = {isa = PBXFileReference; lastKnownFileType = sourcecode.swift; path = AppDelegate.swift; sourceTree = "<group>"; };
		DD7D6E3820EAF6DE00473E0A /* ViewController.swift */ = {isa = PBXFileReference; lastKnownFileType = sourcecode.swift; path = ViewController.swift; sourceTree = "<group>"; };
		DD7D6E3B20EAF6DE00473E0A /* Base */ = {isa = PBXFileReference; lastKnownFileType = file.storyboard; name = Base; path = Base.lproj/Main.storyboard; sourceTree = "<group>"; };
		DD7D6E3D20EAF6DF00473E0A /* Assets.xcassets */ = {isa = PBXFileReference; lastKnownFileType = folder.assetcatalog; path = Assets.xcassets; sourceTree = "<group>"; };
		DD7D6E4020EAF6DF00473E0A /* Base */ = {isa = PBXFileReference; lastKnownFileType = file.storyboard; name = Base; path = Base.lproj/LaunchScreen.storyboard; sourceTree = "<group>"; };
		DD7D6E4220EAF6DF00473E0A /* Info.plist */ = {isa = PBXFileReference; lastKnownFileType = text.plist.xml; path = Info.plist; sourceTree = "<group>"; };
		DD7D6E4920EAF84900473E0A /* ThemeManager.swift */ = {isa = PBXFileReference; lastKnownFileType = sourcecode.swift; path = ThemeManager.swift; sourceTree = "<group>"; };
		DD7D6E4B20EAF8AF00473E0A /* Theme.swift */ = {isa = PBXFileReference; lastKnownFileType = sourcecode.swift; path = Theme.swift; sourceTree = "<group>"; };
		DD7D6E4F20EAFACA00473E0A /* Light.bundle */ = {isa = PBXFileReference; explicitFileType = wrapper.cfbundle; includeInIndex = 0; path = Light.bundle; sourceTree = BUILT_PRODUCTS_DIR; };
		DD7D6E5120EAFACA00473E0A /* Info.plist */ = {isa = PBXFileReference; lastKnownFileType = text.plist.xml; path = Info.plist; sourceTree = "<group>"; };
		DD7D6E5520EAFAD800473E0A /* Colors.xcassets */ = {isa = PBXFileReference; lastKnownFileType = folder.assetcatalog; path = Colors.xcassets; sourceTree = "<group>"; };
		DD7D6E5C20EAFB7100473E0A /* Dark.bundle */ = {isa = PBXFileReference; explicitFileType = wrapper.cfbundle; includeInIndex = 0; path = Dark.bundle; sourceTree = BUILT_PRODUCTS_DIR; };
		DD7D6E5E20EAFB7100473E0A /* Info.plist */ = {isa = PBXFileReference; lastKnownFileType = text.plist.xml; path = Info.plist; sourceTree = "<group>"; };
		DD7D6E6220EAFB7600473E0A /* Colors.xcassets */ = {isa = PBXFileReference; lastKnownFileType = folder.assetcatalog; path = Colors.xcassets; sourceTree = "<group>"; };
		DD7D6E6720EAFC5300473E0A /* Theme+Colors.swift */ = {isa = PBXFileReference; lastKnownFileType = sourcecode.swift; path = "Theme+Colors.swift"; sourceTree = "<group>"; };
		DD7D6E6920EB013800473E0A /* ThemeConfiguration.swift */ = {isa = PBXFileReference; lastKnownFileType = sourcecode.swift; path = ThemeConfiguration.swift; sourceTree = "<group>"; };
		DD7D6E6D20EB052200473E0A /* DecentNavigationController.swift */ = {isa = PBXFileReference; fileEncoding = 4; lastKnownFileType = sourcecode.swift; path = DecentNavigationController.swift; sourceTree = "<group>"; };
/* End PBXFileReference section */

/* Begin PBXFrameworksBuildPhase section */
		DD7D6E3020EAF6DE00473E0A /* Frameworks */ = {
			isa = PBXFrameworksBuildPhase;
			buildActionMask = 2147483647;
			files = (
			);
			runOnlyForDeploymentPostprocessing = 0;
		};
/* End PBXFrameworksBuildPhase section */

/* Begin PBXGroup section */
		DD7D6E2A20EAF6DE00473E0A = {
			isa = PBXGroup;
			children = (
				DD7D6E3520EAF6DE00473E0A /* BundlePower */,
				DD7D6E5020EAFACA00473E0A /* Light */,
				DD7D6E5D20EAFB7100473E0A /* Dark */,
				DD7D6E3420EAF6DE00473E0A /* Products */,
			);
			sourceTree = "<group>";
		};
		DD7D6E3420EAF6DE00473E0A /* Products */ = {
			isa = PBXGroup;
			children = (
				DD7D6E3320EAF6DE00473E0A /* BundlePower.app */,
				DD7D6E4F20EAFACA00473E0A /* Light.bundle */,
				DD7D6E5C20EAFB7100473E0A /* Dark.bundle */,
			);
			name = Products;
			sourceTree = "<group>";
		};
		DD7D6E3520EAF6DE00473E0A /* BundlePower */ = {
			isa = PBXGroup;
			children = (
				DD7D6E4820EAF82D00473E0A /* Theming Support */,
				DD7D6E3620EAF6DE00473E0A /* AppDelegate.swift */,
				DD7D6E6D20EB052200473E0A /* DecentNavigationController.swift */,
				DD7D6E3820EAF6DE00473E0A /* ViewController.swift */,
				DD7D6E3A20EAF6DE00473E0A /* Main.storyboard */,
				DD7D6E3D20EAF6DF00473E0A /* Assets.xcassets */,
				DD7D6E3F20EAF6DF00473E0A /* LaunchScreen.storyboard */,
				DD7D6E4220EAF6DF00473E0A /* Info.plist */,
			);
			path = BundlePower;
			sourceTree = "<group>";
		};
		DD7D6E4820EAF82D00473E0A /* Theming Support */ = {
			isa = PBXGroup;
			children = (
				DD7D6E4920EAF84900473E0A /* ThemeManager.swift */,
				DD7D6E4B20EAF8AF00473E0A /* Theme.swift */,
				DD7D6E6720EAFC5300473E0A /* Theme+Colors.swift */,
				DD7D6E6920EB013800473E0A /* ThemeConfiguration.swift */,
			);
			path = "Theming Support";
			sourceTree = "<group>";
		};
		DD7D6E5020EAFACA00473E0A /* Light */ = {
			isa = PBXGroup;
			children = (
				DD7D6E5120EAFACA00473E0A /* Info.plist */,
				DD7D6E5520EAFAD800473E0A /* Colors.xcassets */,
			);
			path = Light;
			sourceTree = "<group>";
		};
		DD7D6E5D20EAFB7100473E0A /* Dark */ = {
			isa = PBXGroup;
			children = (
				DD7D6E5E20EAFB7100473E0A /* Info.plist */,
				DD7D6E6220EAFB7600473E0A /* Colors.xcassets */,
			);
			path = Dark;
			sourceTree = "<group>";
		};
/* End PBXGroup section */

/* Begin PBXNativeTarget section */
		DD7D6E3220EAF6DE00473E0A /* BundlePower */ = {
			isa = PBXNativeTarget;
			buildConfigurationList = DD7D6E4520EAF6DF00473E0A /* Build configuration list for PBXNativeTarget "BundlePower" */;
			buildPhases = (
				DD7D6E2F20EAF6DE00473E0A /* Sources */,
				DD7D6E3020EAF6DE00473E0A /* Frameworks */,
				DD7D6E3120EAF6DE00473E0A /* Resources */,
			);
			buildRules = (
			);
			dependencies = (
				DD7D6E6420EAFBB200473E0A /* PBXTargetDependency */,
				DD7D6E5820EAFB5E00473E0A /* PBXTargetDependency */,
			);
			name = BundlePower;
			productName = BundlePower;
			productReference = DD7D6E3320EAF6DE00473E0A /* BundlePower.app */;
			productType = "com.apple.product-type.application";
		};
		DD7D6E4E20EAFACA00473E0A /* Light */ = {
			isa = PBXNativeTarget;
			buildConfigurationList = DD7D6E5220EAFACA00473E0A /* Build configuration list for PBXNativeTarget "Light" */;
			buildPhases = (
				DD7D6E4D20EAFACA00473E0A /* Resources */,
			);
			buildRules = (
			);
			dependencies = (
			);
			name = Light;
			productName = Light;
			productReference = DD7D6E4F20EAFACA00473E0A /* Light.bundle */;
			productType = "com.apple.product-type.bundle";
		};
		DD7D6E5B20EAFB7100473E0A /* Dark */ = {
			isa = PBXNativeTarget;
			buildConfigurationList = DD7D6E5F20EAFB7100473E0A /* Build configuration list for PBXNativeTarget "Dark" */;
			buildPhases = (
				DD7D6E5A20EAFB7100473E0A /* Resources */,
			);
			buildRules = (
			);
			dependencies = (
			);
			name = Dark;
			productName = Dark;
			productReference = DD7D6E5C20EAFB7100473E0A /* Dark.bundle */;
			productType = "com.apple.product-type.bundle";
		};
/* End PBXNativeTarget section */

/* Begin PBXProject section */
		DD7D6E2B20EAF6DE00473E0A /* Project object */ = {
			isa = PBXProject;
			attributes = {
				LastSwiftUpdateCheck = 1000;
				LastUpgradeCheck = 1000;
				ORGANIZATIONNAME = "Guilherme Rambo";
				TargetAttributes = {
					DD7D6E3220EAF6DE00473E0A = {
						CreatedOnToolsVersion = 10.0;
					};
					DD7D6E4E20EAFACA00473E0A = {
						CreatedOnToolsVersion = 10.0;
					};
					DD7D6E5B20EAFB7100473E0A = {
						CreatedOnToolsVersion = 10.0;
					};
				};
			};
			buildConfigurationList = DD7D6E2E20EAF6DE00473E0A /* Build configuration list for PBXProject "BundlePower" */;
			compatibilityVersion = "Xcode 9.3";
			developmentRegion = en;
			hasScannedForEncodings = 0;
			knownRegions = (
				en,
				Base,
			);
			mainGroup = DD7D6E2A20EAF6DE00473E0A;
			productRefGroup = DD7D6E3420EAF6DE00473E0A /* Products */;
			projectDirPath = "";
			projectRoot = "";
			targets = (
				DD7D6E3220EAF6DE00473E0A /* BundlePower */,
				DD7D6E4E20EAFACA00473E0A /* Light */,
				DD7D6E5B20EAFB7100473E0A /* Dark */,
			);
		};
/* End PBXProject section */

/* Begin PBXResourcesBuildPhase section */
		DD7D6E3120EAF6DE00473E0A /* Resources */ = {
			isa = PBXResourcesBuildPhase;
			buildActionMask = 2147483647;
			files = (
				DD7D6E6520EAFBB800473E0A /* Dark.bundle in Resources */,
				DD7D6E5920EAFB6200473E0A /* Light.bundle in Resources */,
				DD7D6E4120EAF6DF00473E0A /* LaunchScreen.storyboard in Resources */,
				DD7D6E3E20EAF6DF00473E0A /* Assets.xcassets in Resources */,
				DD7D6E3C20EAF6DE00473E0A /* Main.storyboard in Resources */,
			);
			runOnlyForDeploymentPostprocessing = 0;
		};
		DD7D6E4D20EAFACA00473E0A /* Resources */ = {
			isa = PBXResourcesBuildPhase;
			buildActionMask = 2147483647;
			files = (
				DD7D6E5620EAFAD800473E0A /* Colors.xcassets in Resources */,
			);
			runOnlyForDeploymentPostprocessing = 0;
		};
		DD7D6E5A20EAFB7100473E0A /* Resources */ = {
			isa = PBXResourcesBuildPhase;
			buildActionMask = 2147483647;
			files = (
				DD7D6E6620EAFBC000473E0A /* Colors.xcassets in Resources */,
			);
			runOnlyForDeploymentPostprocessing = 0;
		};
/* End PBXResourcesBuildPhase section */

/* Begin PBXSourcesBuildPhase section */
		DD7D6E2F20EAF6DE00473E0A /* Sources */ = {
			isa = PBXSourcesBuildPhase;
			buildActionMask = 2147483647;
			files = (
				DD7D6E6A20EB013800473E0A /* ThemeConfiguration.swift in Sources */,
				DD7D6E3920EAF6DE00473E0A /* ViewController.swift in Sources */,
				DD7D6E4C20EAF8AF00473E0A /* Theme.swift in Sources */,
				DD7D6E6E20EB052200473E0A /* DecentNavigationController.swift in Sources */,
				DD7D6E3720EAF6DE00473E0A /* AppDelegate.swift in Sources */,
				DD7D6E4A20EAF84900473E0A /* ThemeManager.swift in Sources */,
				DD7D6E6820EAFC5300473E0A /* Theme+Colors.swift in Sources */,
			);
			runOnlyForDeploymentPostprocessing = 0;
		};
/* End PBXSourcesBuildPhase section */

/* Begin PBXTargetDependency section */
		DD7D6E5820EAFB5E00473E0A /* PBXTargetDependency */ = {
			isa = PBXTargetDependency;
			target = DD7D6E4E20EAFACA00473E0A /* Light */;
			targetProxy = DD7D6E5720EAFB5E00473E0A /* PBXContainerItemProxy */;
		};
		DD7D6E6420EAFBB200473E0A /* PBXTargetDependency */ = {
			isa = PBXTargetDependency;
			target = DD7D6E5B20EAFB7100473E0A /* Dark */;
			targetProxy = DD7D6E6320EAFBB200473E0A /* PBXContainerItemProxy */;
		};
/* End PBXTargetDependency section */

/* Begin PBXVariantGroup section */
		DD7D6E3A20EAF6DE00473E0A /* Main.storyboard */ = {
			isa = PBXVariantGroup;
			children = (
				DD7D6E3B20EAF6DE00473E0A /* Base */,
			);
			name = Main.storyboard;
			sourceTree = "<group>";
		};
		DD7D6E3F20EAF6DF00473E0A /* LaunchScreen.storyboard */ = {
			isa = PBXVariantGroup;
			children = (
				DD7D6E4020EAF6DF00473E0A /* Base */,
			);
			name = LaunchScreen.storyboard;
			sourceTree = "<group>";
		};
/* End PBXVariantGroup section */

/* Begin XCBuildConfiguration section */
		DD7D6E4320EAF6DF00473E0A /* Debug */ = {
			isa = XCBuildConfiguration;
			buildSettings = {
				ALWAYS_SEARCH_USER_PATHS = NO;
				CLANG_ANALYZER_NONNULL = YES;
				CLANG_ANALYZER_NUMBER_OBJECT_CONVERSION = YES_AGGRESSIVE;
				CLANG_CXX_LANGUAGE_STANDARD = "gnu++14";
				CLANG_CXX_LIBRARY = "libc++";
				CLANG_ENABLE_MODULES = YES;
				CLANG_ENABLE_OBJC_ARC = YES;
				CLANG_ENABLE_OBJC_WEAK = YES;
				CLANG_WARN_BLOCK_CAPTURE_AUTORELEASING = YES;
				CLANG_WARN_BOOL_CONVERSION = YES;
				CLANG_WARN_COMMA = YES;
				CLANG_WARN_CONSTANT_CONVERSION = YES;
				CLANG_WARN_DEPRECATED_OBJC_IMPLEMENTATIONS = YES;
				CLANG_WARN_DIRECT_OBJC_ISA_USAGE = YES_ERROR;
				CLANG_WARN_DOCUMENTATION_COMMENTS = YES;
				CLANG_WARN_EMPTY_BODY = YES;
				CLANG_WARN_ENUM_CONVERSION = YES;
				CLANG_WARN_INFINITE_RECURSION = YES;
				CLANG_WARN_INT_CONVERSION = YES;
				CLANG_WARN_NON_LITERAL_NULL_CONVERSION = YES;
				CLANG_WARN_OBJC_IMPLICIT_RETAIN_SELF = YES;
				CLANG_WARN_OBJC_LITERAL_CONVERSION = YES;
				CLANG_WARN_OBJC_ROOT_CLASS = YES_ERROR;
				CLANG_WARN_RANGE_LOOP_ANALYSIS = YES;
				CLANG_WARN_STRICT_PROTOTYPES = YES;
				CLANG_WARN_SUSPICIOUS_MOVE = YES;
				CLANG_WARN_UNGUARDED_AVAILABILITY = YES_AGGRESSIVE;
				CLANG_WARN_UNREACHABLE_CODE = YES;
				CLANG_WARN__DUPLICATE_METHOD_MATCH = YES;
				CODE_SIGN_IDENTITY = "iPhone Developer";
				COPY_PHASE_STRIP = NO;
				DEBUG_INFORMATION_FORMAT = dwarf;
				ENABLE_STRICT_OBJC_MSGSEND = YES;
				ENABLE_TESTABILITY = YES;
				GCC_C_LANGUAGE_STANDARD = gnu11;
				GCC_DYNAMIC_NO_PIC = NO;
				GCC_NO_COMMON_BLOCKS = YES;
				GCC_OPTIMIZATION_LEVEL = 0;
				GCC_PREPROCESSOR_DEFINITIONS = (
					"DEBUG=1",
					"$(inherited)",
				);
				GCC_WARN_64_TO_32_BIT_CONVERSION = YES;
				GCC_WARN_ABOUT_RETURN_TYPE = YES_ERROR;
				GCC_WARN_UNDECLARED_SELECTOR = YES;
				GCC_WARN_UNINITIALIZED_AUTOS = YES_AGGRESSIVE;
				GCC_WARN_UNUSED_FUNCTION = YES;
				GCC_WARN_UNUSED_VARIABLE = YES;
				IPHONEOS_DEPLOYMENT_TARGET = 12.0;
				MTL_ENABLE_DEBUG_INFO = INCLUDE_SOURCE;
				ONLY_ACTIVE_ARCH = YES;
				SDKROOT = iphoneos;
				SWIFT_ACTIVE_COMPILATION_CONDITIONS = DEBUG;
				SWIFT_OPTIMIZATION_LEVEL = "-Onone";
			};
			name = Debug;
		};
		DD7D6E4420EAF6DF00473E0A /* Release */ = {
			isa = XCBuildConfiguration;
			buildSettings = {
				ALWAYS_SEARCH_USER_PATHS = NO;
				CLANG_ANALYZER_NONNULL = YES;
				CLANG_ANALYZER_NUMBER_OBJECT_CONVERSION = YES_AGGRESSIVE;
				CLANG_CXX_LANGUAGE_STANDARD = "gnu++14";
				CLANG_CXX_LIBRARY = "libc++";
				CLANG_ENABLE_MODULES = YES;
				CLANG_ENABLE_OBJC_ARC = YES;
				CLANG_ENABLE_OBJC_WEAK = YES;
				CLANG_WARN_BLOCK_CAPTURE_AUTORELEASING = YES;
				CLANG_WARN_BOOL_CONVERSION = YES;
				CLANG_WARN_COMMA = YES;
				CLANG_WARN_CONSTANT_CONVERSION = YES;
				CLANG_WARN_DEPRECATED_OBJC_IMPLEMENTATIONS = YES;
				CLANG_WARN_DIRECT_OBJC_ISA_USAGE = YES_ERROR;
				CLANG_WARN_DOCUMENTATION_COMMENTS = YES;
				CLANG_WARN_EMPTY_BODY = YES;
				CLANG_WARN_ENUM_CONVERSION = YES;
				CLANG_WARN_INFINITE_RECURSION = YES;
				CLANG_WARN_INT_CONVERSION = YES;
				CLANG_WARN_NON_LITERAL_NULL_CONVERSION = YES;
				CLANG_WARN_OBJC_IMPLICIT_RETAIN_SELF = YES;
				CLANG_WARN_OBJC_LITERAL_CONVERSION = YES;
				CLANG_WARN_OBJC_ROOT_CLASS = YES_ERROR;
				CLANG_WARN_RANGE_LOOP_ANALYSIS = YES;
				CLANG_WARN_STRICT_PROTOTYPES = YES;
				CLANG_WARN_SUSPICIOUS_MOVE = YES;
				CLANG_WARN_UNGUARDED_AVAILABILITY = YES_AGGRESSIVE;
				CLANG_WARN_UNREACHABLE_CODE = YES;
				CLANG_WARN__DUPLICATE_METHOD_MATCH = YES;
				CODE_SIGN_IDENTITY = "iPhone Developer";
				COPY_PHASE_STRIP = NO;
				DEBUG_INFORMATION_FORMAT = "dwarf-with-dsym";
				ENABLE_NS_ASSERTIONS = NO;
				ENABLE_STRICT_OBJC_MSGSEND = YES;
				GCC_C_LANGUAGE_STANDARD = gnu11;
				GCC_NO_COMMON_BLOCKS = YES;
				GCC_WARN_64_TO_32_BIT_CONVERSION = YES;
				GCC_WARN_ABOUT_RETURN_TYPE = YES_ERROR;
				GCC_WARN_UNDECLARED_SELECTOR = YES;
				GCC_WARN_UNINITIALIZED_AUTOS = YES_AGGRESSIVE;
				GCC_WARN_UNUSED_FUNCTION = YES;
				GCC_WARN_UNUSED_VARIABLE = YES;
				IPHONEOS_DEPLOYMENT_TARGET = 12.0;
				MTL_ENABLE_DEBUG_INFO = NO;
				SDKROOT = iphoneos;
				SWIFT_COMPILATION_MODE = wholemodule;
				SWIFT_OPTIMIZATION_LEVEL = "-O";
				VALIDATE_PRODUCT = YES;
			};
			name = Release;
		};
		DD7D6E4620EAF6DF00473E0A /* Debug */ = {
			isa = XCBuildConfiguration;
			buildSettings = {
				ASSETCATALOG_COMPILER_APPICON_NAME = AppIcon;
				CODE_SIGN_STYLE = Automatic;
				DEVELOPMENT_TEAM = 8C7439RJLG;
				INFOPLIST_FILE = BundlePower/Info.plist;
				IPHONEOS_DEPLOYMENT_TARGET = 11.0;
				LD_RUNPATH_SEARCH_PATHS = (
					"$(inherited)",
					"@executable_path/Frameworks",
				);
				PRODUCT_BUNDLE_IDENTIFIER = codes.rambo.BundlePower;
				PRODUCT_NAME = "$(TARGET_NAME)";
				SWIFT_VERSION = 4.2;
				TARGETED_DEVICE_FAMILY = "1,2";
			};
			name = Debug;
		};
		DD7D6E4720EAF6DF00473E0A /* Release */ = {
			isa = XCBuildConfiguration;
			buildSettings = {
				ASSETCATALOG_COMPILER_APPICON_NAME = AppIcon;
				CODE_SIGN_STYLE = Automatic;
				DEVELOPMENT_TEAM = 8C7439RJLG;
				INFOPLIST_FILE = BundlePower/Info.plist;
				IPHONEOS_DEPLOYMENT_TARGET = 11.0;
				LD_RUNPATH_SEARCH_PATHS = (
					"$(inherited)",
					"@executable_path/Frameworks",
				);
				PRODUCT_BUNDLE_IDENTIFIER = codes.rambo.BundlePower;
				PRODUCT_NAME = "$(TARGET_NAME)";
				SWIFT_VERSION = 4.2;
				TARGETED_DEVICE_FAMILY = "1,2";
			};
			name = Release;
		};
		DD7D6E5320EAFACA00473E0A /* Debug */ = {
			isa = XCBuildConfiguration;
			buildSettings = {
				CODE_SIGN_STYLE = Automatic;
				COMBINE_HIDPI_IMAGES = YES;
				DEVELOPMENT_TEAM = 8C7439RJLG;
				INFOPLIST_FILE = Light/Info.plist;
				INSTALL_PATH = "$(LOCAL_LIBRARY_DIR)/Bundles";
				PRODUCT_BUNDLE_IDENTIFIER = codes.rambo.Light;
				PRODUCT_NAME = "$(TARGET_NAME)";
				SKIP_INSTALL = YES;
				TARGETED_DEVICE_FAMILY = "1,2";
				WRAPPER_EXTENSION = bundle;
			};
			name = Debug;
		};
		DD7D6E5420EAFACA00473E0A /* Release */ = {
			isa = XCBuildConfiguration;
			buildSettings = {
				CODE_SIGN_STYLE = Automatic;
				COMBINE_HIDPI_IMAGES = YES;
				DEVELOPMENT_TEAM = 8C7439RJLG;
				INFOPLIST_FILE = Light/Info.plist;
				INSTALL_PATH = "$(LOCAL_LIBRARY_DIR)/Bundles";
				PRODUCT_BUNDLE_IDENTIFIER = codes.rambo.Light;
				PRODUCT_NAME = "$(TARGET_NAME)";
				SKIP_INSTALL = YES;
				TARGETED_DEVICE_FAMILY = "1,2";
				WRAPPER_EXTENSION = bundle;
			};
			name = Release;
		};
		DD7D6E6020EAFB7100473E0A /* Debug */ = {
			isa = XCBuildConfiguration;
			buildSettings = {
				CODE_SIGN_STYLE = Automatic;
				COMBINE_HIDPI_IMAGES = YES;
				DEVELOPMENT_TEAM = 8C7439RJLG;
				INFOPLIST_FILE = Dark/Info.plist;
				INSTALL_PATH = "$(LOCAL_LIBRARY_DIR)/Bundles";
				PRODUCT_BUNDLE_IDENTIFIER = codes.rambo.Dark;
				PRODUCT_NAME = "$(TARGET_NAME)";
				SKIP_INSTALL = YES;
				TARGETED_DEVICE_FAMILY = "1,2";
				WRAPPER_EXTENSION = bundle;
			};
			name = Debug;
		};
		DD7D6E6120EAFB7100473E0A /* Release */ = {
			isa = XCBuildConfiguration;
			buildSettings = {
				CODE_SIGN_STYLE = Automatic;
				COMBINE_HIDPI_IMAGES = YES;
				DEVELOPMENT_TEAM = 8C7439RJLG;
				INFOPLIST_FILE = Dark/Info.plist;
				INSTALL_PATH = "$(LOCAL_LIBRARY_DIR)/Bundles";
				PRODUCT_BUNDLE_IDENTIFIER = codes.rambo.Dark;
				PRODUCT_NAME = "$(TARGET_NAME)";
				SKIP_INSTALL = YES;
				TARGETED_DEVICE_FAMILY = "1,2";
				WRAPPER_EXTENSION = bundle;
			};
			name = Release;
		};
/* End XCBuildConfiguration section */

/* Begin XCConfigurationList section */
		DD7D6E2E20EAF6DE00473E0A /* Build configuration list for PBXProject "BundlePower" */ = {
			isa = XCConfigurationList;
			buildConfigurations = (
				DD7D6E4320EAF6DF00473E0A /* Debug */,
				DD7D6E4420EAF6DF00473E0A /* Release */,
			);
			defaultConfigurationIsVisible = 0;
			defaultConfigurationName = Release;
		};
		DD7D6E4520EAF6DF00473E0A /* Build configuration list for PBXNativeTarget "BundlePower" */ = {
			isa = XCConfigurationList;
			buildConfigurations = (
				DD7D6E4620EAF6DF00473E0A /* Debug */,
				DD7D6E4720EAF6DF00473E0A /* Release */,
			);
			defaultConfigurationIsVisible = 0;
			defaultConfigurationName = Release;
		};
		DD7D6E5220EAFACA00473E0A /* Build configuration list for PBXNativeTarget "Light" */ = {
			isa = XCConfigurationList;
			buildConfigurations = (
				DD7D6E5320EAFACA00473E0A /* Debug */,
				DD7D6E5420EAFACA00473E0A /* Release */,
			);
			defaultConfigurationIsVisible = 0;
			defaultConfigurationName = Release;
		};
		DD7D6E5F20EAFB7100473E0A /* Build configuration list for PBXNativeTarget "Dark" */ = {
			isa = XCConfigurationList;
			buildConfigurations = (
				DD7D6E6020EAFB7100473E0A /* Debug */,
				DD7D6E6120EAFB7100473E0A /* Release */,
			);
			defaultConfigurationIsVisible = 0;
			defaultConfigurationName = Release;
		};
/* End XCConfigurationList section */
	};
	rootObject = DD7D6E2B20EAF6DE00473E0A /* Project object */;
}
